
Microsoft Visual Studio Solution File, Format Version 12.00
# Visual Studio Version 16
VisualStudioVersion = 16.0.30717.126
MinimumVisualStudioVersion = 10.0.40219.1
Project("{FAE04EC0-301F-11D3-BF4B-00C04F79EFBC}") = "assignment2", "assignment2\assignment2.csproj", "{407EE5A2-61C4-4445-B8CA-35210F31136E}"
EndProject
Project("{FAE04EC0-301F-11D3-BF4B-00C04F79EFBC}") = "assignmentQ2", "assignmentQ2\assignmentQ2.csproj", "{64B73A39-9CF5-444C-984A-9894DC00E145}"
EndProject
Global
	GlobalSection(SolutionConfigurationPlatforms) = preSolution
		Debug|Any CPU = Debug|Any CPU
		Release|Any CPU = Release|Any CPU
	EndGlobalSection
	GlobalSection(ProjectConfigurationPlatforms) = postSolution
		{407EE5A2-61C4-4445-B8CA-35210F31136E}.Debug|Any CPU.ActiveCfg = Debug|Any CPU
		{407EE5A2-61C4-4445-B8CA-35210F31136E}.Debug|Any CPU.Build.0 = Debug|Any CPU
		{407EE5A2-61C4-4445-B8CA-35210F31136E}.Release|Any CPU.ActiveCfg = Release|Any CPU
		{407EE5A2-61C4-4445-B8CA-35210F31136E}.Release|Any CPU.Build.0 = Release|Any CPU
		{64B73A39-9CF5-444C-984A-9894DC00E145}.Debug|Any CPU.ActiveCfg = Debug|Any CPU
		{64B73A39-9CF5-444C-984A-9894DC00E145}.Debug|Any CPU.Build.0 = Debug|Any CPU
		{64B73A39-9CF5-444C-984A-9894DC00E145}.Release|Any CPU.ActiveCfg = Release|Any CPU
		{64B73A39-9CF5-444C-984A-9894DC00E145}.Release|Any CPU.Build.0 = Release|Any CPU
	EndGlobalSection
	GlobalSection(SolutionProperties) = preSolution
		HideSolutionNode = FALSE
	EndGlobalSection
	GlobalSection(ExtensibilityGlobals) = postSolution
		SolutionGuid = {5B601AB2-DE66-423F-A34D-0492399B6CB4}
	EndGlobalSection
EndGlobal
